github.com/gotk3/gotk3 v0.6.1 h1:GJ400a0ecEEWrzjBvzBzH+pB/esEMIGdB9zPSmBdoeo=
github.com/gotk3/gotk3 v0.6.1/go.mod h1:/hqFpkNa9T3JgNAE2fLvCdov7c5bw//FHNZrZ3Uv9/Q=
github.com/karalabe/hid v1.0.0 h1:+/CIMNXhSU/zIJgnIvBD2nKHxS/bnRHhhs9xBryLpPo=
github.com/karalabe/hid v1.0.0/go.mod h1:Vr51f8rUOLYrfrWDFlV12GGQgM5AT8sVh+2fY4MPeu8=
github.com/lucasb-eyer/go-colorful v1.2.0 h1:1nnpGOrhyZZuNyfu1QjKiUICQ74+3FNCN69Aj6K7nkY=
github.com/lucasb-eyer/go-colorful v1.2.0/go.mod h1:R4dSotOR9KMtayYi1e77YzuveK+i7ruzyGqttikkLy0=
